
Microsoft Visual Studio Solution File, Format Version 12.00
# Visual Studio Version 17
VisualStudioVersion = 17.8.34330.188
MinimumVisualStudioVersion = 10.0.40219.1
Project("{F184B08F-C81C-45F6-A57F-5ABD9991F28F}") = "Welcome to MindWorx", "Welcome to MindWorx.vbproj", "{DD92FE28-37D1-46EA-8DB8-306AD3A4A81B}"
EndProject
Global
	GlobalSection(SolutionConfigurationPlatforms) = preSolution
		Debug|Any CPU = Debug|Any CPU
		Release|Any CPU = Release|Any CPU
	EndGlobalSection
	GlobalSection(ProjectConfigurationPlatforms) = postSolution
		{DD92FE28-37D1-46EA-8DB8-306AD3A4A81B}.Debug|Any CPU.ActiveCfg = Debug|Any CPU
		{DD92FE28-37D1-46EA-8DB8-306AD3A4A81B}.Debug|Any CPU.Build.0 = Debug|Any CPU
		{DD92FE28-37D1-46EA-8DB8-306AD3A4A81B}.Release|Any CPU.ActiveCfg = Release|Any CPU
		{DD92FE28-37D1-46EA-8DB8-306AD3A4A81B}.Release|Any CPU.Build.0 = Release|Any CPU
	EndGlobalSection
	GlobalSection(SolutionProperties) = preSolution
		HideSolutionNode = FALSE
	EndGlobalSection
	GlobalSection(ExtensibilityGlobals) = postSolution
		SolutionGuid = {A4A2597A-B1F3-4E5A-B462-6E8BB67977C7}
	EndGlobalSection
EndGlobal
